
Microsoft Visual Studio Solution File, Format Version 12.00
# Visual Studio Version 17
VisualStudioVersion = 17.0.31903.59
MinimumVisualStudioVersion = 10.0.40219.1
Project("{2150E333-8FDC-42A3-9474-1A3956D46DE8}") = "src", "src", "{62B01429-AC65-4519-BA02-696F4B2E4E63}"
EndProject
Project("{FAE04EC0-301F-11D3-BF4B-00C04F79EFBC}") = "UptimeBot.Console", "src\UptimeBot.Console\UptimeBot.Console.csproj", "{48A08CCF-888F-4048-A8F2-9BFB4B11D658}"
EndProject
Global
	GlobalSection(SolutionConfigurationPlatforms) = preSolution
		Debug|Any CPU = Debug|Any CPU
		Release|Any CPU = Release|Any CPU
	EndGlobalSection
	GlobalSection(SolutionProperties) = preSolution
		HideSolutionNode = FALSE
	EndGlobalSection
	GlobalSection(ProjectConfigurationPlatforms) = postSolution
		{48A08CCF-888F-4048-A8F2-9BFB4B11D658}.Debug|Any CPU.ActiveCfg = Debug|Any CPU
		{48A08CCF-888F-4048-A8F2-9BFB4B11D658}.Debug|Any CPU.Build.0 = Debug|Any CPU
		{48A08CCF-888F-4048-A8F2-9BFB4B11D658}.Release|Any CPU.ActiveCfg = Release|Any CPU
		{48A08CCF-888F-4048-A8F2-9BFB4B11D658}.Release|Any CPU.Build.0 = Release|Any CPU
	EndGlobalSection
	GlobalSection(NestedProjects) = preSolution
		{48A08CCF-888F-4048-A8F2-9BFB4B11D658} = {62B01429-AC65-4519-BA02-696F4B2E4E63}
	EndGlobalSection
EndGlobal
